
Microsoft Visual Studio Solution File, Format Version 12.00
# Visual Studio 2012
Project("{FAE04EC0-301F-11D3-BF4B-00C04F79EFBC}") = "Test.Resources", "Test.Resources\Test.Resources.csproj", "{157E30C6-1BDF-4AE0-A49F-6E933C30D4B3}"
EndProject
Project("{FAE04EC0-301F-11D3-BF4B-00C04F79EFBC}") = "Test.iOS", "Test.iOS\Test.iOS.csproj", "{F27BA097-6539-480D-AE97-B3C4DBC671EF}"
EndProject
Project("{FAE04EC0-301F-11D3-BF4B-00C04F79EFBC}") = "Test.Android", "Test.Android\Test.Android.csproj", "{87235C0A-A28E-4462-B206-6F1349D13552}"
EndProject
Project("{FAE04EC0-301F-11D3-BF4B-00C04F79EFBC}") = "Test.Core", "Test.Core\Test.Core.csproj", "{5F3FEDC2-3057-4CED-98D9-52FEFB86E1D2}"
EndProject
Project("{FAE04EC0-301F-11D3-BF4B-00C04F79EFBC}") = "Test.WP8", "Test.WP8\Test.WP8.csproj", "{109B97B4-1540-4541-B3F8-868859464AAA}"
EndProject
Global
	GlobalSection(SolutionConfigurationPlatforms) = preSolution
		Ad-Hoc|Any CPU = Ad-Hoc|Any CPU
		Ad-Hoc|ARM = Ad-Hoc|ARM
		Ad-Hoc|iPhone = Ad-Hoc|iPhone
		Ad-Hoc|iPhoneSimulator = Ad-Hoc|iPhoneSimulator
		Ad-Hoc|Mixed Platforms = Ad-Hoc|Mixed Platforms
		Ad-Hoc|x86 = Ad-Hoc|x86
		AppStore|Any CPU = AppStore|Any CPU
		AppStore|ARM = AppStore|ARM
		AppStore|iPhone = AppStore|iPhone
		AppStore|iPhoneSimulator = AppStore|iPhoneSimulator
		AppStore|Mixed Platforms = AppStore|Mixed Platforms
		AppStore|x86 = AppStore|x86
		Debug|Any CPU = Debug|Any CPU
		Debug|ARM = Debug|ARM
		Debug|iPhone = Debug|iPhone
		Debug|iPhoneSimulator = Debug|iPhoneSimulator
		Debug|Mixed Platforms = Debug|Mixed Platforms
		Debug|x86 = Debug|x86
		Release|Any CPU = Release|Any CPU
		Release|ARM = Release|ARM
		Release|iPhone = Release|iPhone
		Release|iPhoneSimulator = Release|iPhoneSimulator
		Release|Mixed Platforms = Release|Mixed Platforms
		Release|x86 = Release|x86
	EndGlobalSection
	GlobalSection(ProjectConfigurationPlatforms) = postSolution
		{109B97B4-1540-4541-B3F8-868859464AAA}.Ad-Hoc|Any CPU.ActiveCfg = Release|Any CPU
		{109B97B4-1540-4541-B3F8-868859464AAA}.Ad-Hoc|Any CPU.Build.0 = Release|Any CPU
		{109B97B4-1540-4541-B3F8-868859464AAA}.Ad-Hoc|ARM.ActiveCfg = Release|ARM
		{109B97B4-1540-4541-B3F8-868859464AAA}.Ad-Hoc|ARM.Build.0 = Release|ARM
		{109B97B4-1540-4541-B3F8-868859464AAA}.Ad-Hoc|iPhone.ActiveCfg = Release|Any CPU
		{109B97B4-1540-4541-B3F8-868859464AAA}.Ad-Hoc|iPhoneSimulator.ActiveCfg = Release|Any CPU
		{109B97B4-1540-4541-B3F8-868859464AAA}.Ad-Hoc|Mixed Platforms.ActiveCfg = Release|x86
		{109B97B4-1540-4541-B3F8-868859464AAA}.Ad-Hoc|Mixed Platforms.Build.0 = Release|x86
		{109B97B4-1540-4541-B3F8-868859464AAA}.Ad-Hoc|x86.ActiveCfg = Release|x86
		{109B97B4-1540-4541-B3F8-868859464AAA}.Ad-Hoc|x86.Build.0 = Release|x86
		{109B97B4-1540-4541-B3F8-868859464AAA}.AppStore|Any CPU.ActiveCfg = Release|Any CPU
		{109B97B4-1540-4541-B3F8-868859464AAA}.AppStore|Any CPU.Build.0 = Release|Any CPU
		{109B97B4-1540-4541-B3F8-868859464AAA}.AppStore|ARM.ActiveCfg = Release|ARM
		{109B97B4-1540-4541-B3F8-868859464AAA}.AppStore|ARM.Build.0 = Release|ARM
		{109B97B4-1540-4541-B3F8-868859464AAA}.AppStore|iPhone.ActiveCfg = Release|Any CPU
		{109B97B4-1540-4541-B3F8-868859464AAA}.AppStore|iPhoneSimulator.ActiveCfg = Release|Any CPU
		{109B97B4-1540-4541-B3F8-868859464AAA}.AppStore|Mixed Platforms.ActiveCfg = Release|x86
		{109B97B4-1540-4541-B3F8-868859464AAA}.AppStore|Mixed Platforms.Build.0 = Release|x86
		{109B97B4-1540-4541-B3F8-868859464AAA}.AppStore|x86.ActiveCfg = Release|x86
		{109B97B4-1540-4541-B3F8-868859464AAA}.AppStore|x86.Build.0 = Release|x86
		{109B97B4-1540-4541-B3F8-868859464AAA}.Debug|Any CPU.ActiveCfg = Debug|Any CPU
		{109B97B4-1540-4541-B3F8-868859464AAA}.Debug|Any CPU.Build.0 = Debug|Any CPU
		{109B97B4-1540-4541-B3F8-868859464AAA}.Debug|ARM.ActiveCfg = Debug|ARM
		{109B97B4-1540-4541-B3F8-868859464AAA}.Debug|ARM.Build.0 = Debug|ARM
		{109B97B4-1540-4541-B3F8-868859464AAA}.Debug|iPhone.ActiveCfg = Debug|Any CPU
		{109B97B4-1540-4541-B3F8-868859464AAA}.Debug|iPhoneSimulator.ActiveCfg = Debug|Any CPU
		{109B97B4-1540-4541-B3F8-868859464AAA}.Debug|Mixed Platforms.ActiveCfg = Debug|x86
		{109B97B4-1540-4541-B3F8-868859464AAA}.Debug|Mixed Platforms.Build.0 = Debug|x86
		{109B97B4-1540-4541-B3F8-868859464AAA}.Debug|x86.ActiveCfg = Debug|x86
		{109B97B4-1540-4541-B3F8-868859464AAA}.Debug|x86.Build.0 = Debug|x86
		{109B97B4-1540-4541-B3F8-868859464AAA}.Release|Any CPU.ActiveCfg = Release|Any CPU
		{109B97B4-1540-4541-B3F8-868859464AAA}.Release|Any CPU.Build.0 = Release|Any CPU
		{109B97B4-1540-4541-B3F8-868859464AAA}.Release|ARM.ActiveCfg = Release|ARM
		{109B97B4-1540-4541-B3F8-868859464AAA}.Release|ARM.Build.0 = Release|ARM
		{109B97B4-1540-4541-B3F8-868859464AAA}.Release|iPhone.ActiveCfg = Release|Any CPU
		{109B97B4-1540-4541-B3F8-868859464AAA}.Release|iPhoneSimulator.ActiveCfg = Release|Any CPU
		{109B97B4-1540-4541-B3F8-868859464AAA}.Release|Mixed Platforms.ActiveCfg = Release|x86
		{109B97B4-1540-4541-B3F8-868859464AAA}.Release|Mixed Platforms.Build.0 = Release|x86
		{109B97B4-1540-4541-B3F8-868859464AAA}.Release|x86.ActiveCfg = Release|x86
		{109B97B4-1540-4541-B3F8-868859464AAA}.Release|x86.Build.0 = Release|x86
		{157E30C6-1BDF-4AE0-A49F-6E933C30D4B3}.Ad-Hoc|Any CPU.ActiveCfg = Release|Any CPU
		{157E30C6-1BDF-4AE0-A49F-6E933C30D4B3}.Ad-Hoc|Any CPU.Build.0 = Release|Any CPU
		{157E30C6-1BDF-4AE0-A49F-6E933C30D4B3}.Ad-Hoc|ARM.ActiveCfg = Debug|Any CPU
		{157E30C6-1BDF-4AE0-A49F-6E933C30D4B3}.Ad-Hoc|iPhone.ActiveCfg = Release|Any CPU
		{157E30C6-1BDF-4AE0-A49F-6E933C30D4B3}.Ad-Hoc|iPhoneSimulator.ActiveCfg = Release|Any CPU
		{157E30C6-1BDF-4AE0-A49F-6E933C30D4B3}.Ad-Hoc|Mixed Platforms.ActiveCfg = Release|Any CPU
		{157E30C6-1BDF-4AE0-A49F-6E933C30D4B3}.Ad-Hoc|Mixed Platforms.Build.0 = Release|Any CPU
		{157E30C6-1BDF-4AE0-A49F-6E933C30D4B3}.Ad-Hoc|x86.ActiveCfg = Debug|Any CPU
		{157E30C6-1BDF-4AE0-A49F-6E933C30D4B3}.AppStore|Any CPU.ActiveCfg = Release|Any CPU
		{157E30C6-1BDF-4AE0-A49F-6E933C30D4B3}.AppStore|Any CPU.Build.0 = Release|Any CPU
		{157E30C6-1BDF-4AE0-A49F-6E933C30D4B3}.AppStore|ARM.ActiveCfg = Debug|Any CPU
		{157E30C6-1BDF-4AE0-A49F-6E933C30D4B3}.AppStore|iPhone.ActiveCfg = Release|Any CPU
		{157E30C6-1BDF-4AE0-A49F-6E933C30D4B3}.AppStore|iPhoneSimulator.ActiveCfg = Release|Any CPU
		{157E30C6-1BDF-4AE0-A49F-6E933C30D4B3}.AppStore|Mixed Platforms.ActiveCfg = Release|Any CPU
		{157E30C6-1BDF-4AE0-A49F-6E933C30D4B3}.AppStore|Mixed Platforms.Build.0 = Release|Any CPU
		{157E30C6-1BDF-4AE0-A49F-6E933C30D4B3}.AppStore|x86.ActiveCfg = Debug|Any CPU
		{157E30C6-1BDF-4AE0-A49F-6E933C30D4B3}.Debug|Any CPU.ActiveCfg = Debug|Any CPU
		{157E30C6-1BDF-4AE0-A49F-6E933C30D4B3}.Debug|Any CPU.Build.0 = Debug|Any CPU
		{157E30C6-1BDF-4AE0-A49F-6E933C30D4B3}.Debug|ARM.ActiveCfg = Debug|Any CPU
		{157E30C6-1BDF-4AE0-A49F-6E933C30D4B3}.Debug|iPhone.ActiveCfg = Debug|Any CPU
		{157E30C6-1BDF-4AE0-A49F-6E933C30D4B3}.Debug|iPhoneSimulator.ActiveCfg = Debug|Any CPU
		{157E30C6-1BDF-4AE0-A49F-6E933C30D4B3}.Debug|Mixed Platforms.ActiveCfg = Debug|Any CPU
		{157E30C6-1BDF-4AE0-A49F-6E933C30D4B3}.Debug|Mixed Platforms.Build.0 = Debug|Any CPU
		{157E30C6-1BDF-4AE0-A49F-6E933C30D4B3}.Debug|x86.ActiveCfg = Debug|Any CPU
		{157E30C6-1BDF-4AE0-A49F-6E933C30D4B3}.Release|Any CPU.ActiveCfg = Release|Any CPU
		{157E30C6-1BDF-4AE0-A49F-6E933C30D4B3}.Release|Any CPU.Build.0 = Release|Any CPU
		{157E30C6-1BDF-4AE0-A49F-6E933C30D4B3}.Release|ARM.ActiveCfg = Release|Any CPU
		{157E30C6-1BDF-4AE0-A49F-6E933C30D4B3}.Release|iPhone.ActiveCfg = Release|Any CPU
		{157E30C6-1BDF-4AE0-A49F-6E933C30D4B3}.Release|iPhoneSimulator.ActiveCfg = Release|Any CPU
		{157E30C6-1BDF-4AE0-A49F-6E933C30D4B3}.Release|Mixed Platforms.ActiveCfg = Release|Any CPU
		{157E30C6-1BDF-4AE0-A49F-6E933C30D4B3}.Release|Mixed Platforms.Build.0 = Release|Any CPU
		{157E30C6-1BDF-4AE0-A49F-6E933C30D4B3}.Release|x86.ActiveCfg = Release|Any CPU
		{5F3FEDC2-3057-4CED-98D9-52FEFB86E1D2}.Ad-Hoc|Any CPU.ActiveCfg = Release|Any CPU
		{5F3FEDC2-3057-4CED-98D9-52FEFB86E1D2}.Ad-Hoc|Any CPU.Build.0 = Release|Any CPU
		{5F3FEDC2-3057-4CED-98D9-52FEFB86E1D2}.Ad-Hoc|ARM.ActiveCfg = Release|Any CPU
		{5F3FEDC2-3057-4CED-98D9-52FEFB86E1D2}.Ad-Hoc|iPhone.ActiveCfg = Release|Any CPU
		{5F3FEDC2-3057-4CED-98D9-52FEFB86E1D2}.Ad-Hoc|iPhoneSimulator.ActiveCfg = Release|Any CPU
		{5F3FEDC2-3057-4CED-98D9-52FEFB86E1D2}.Ad-Hoc|Mixed Platforms.ActiveCfg = Release|Any CPU
		{5F3FEDC2-3057-4CED-98D9-52FEFB86E1D2}.Ad-Hoc|Mixed Platforms.Build.0 = Release|Any CPU
		{5F3FEDC2-3057-4CED-98D9-52FEFB86E1D2}.Ad-Hoc|x86.ActiveCfg = Release|Any CPU
		{5F3FEDC2-3057-4CED-98D9-52FEFB86E1D2}.AppStore|Any CPU.ActiveCfg = Release|Any CPU
		{5F3FEDC2-3057-4CED-98D9-52FEFB86E1D2}.AppStore|Any CPU.Build.0 = Release|Any CPU
		{5F3FEDC2-3057-4CED-98D9-52FEFB86E1D2}.AppStore|ARM.ActiveCfg = Release|Any CPU
		{5F3FEDC2-3057-4CED-98D9-52FEFB86E1D2}.AppStore|iPhone.ActiveCfg = Release|Any CPU
		{5F3FEDC2-3057-4CED-98D9-52FEFB86E1D2}.AppStore|iPhoneSimulator.ActiveCfg = Release|Any CPU
		{5F3FEDC2-3057-4CED-98D9-52FEFB86E1D2}.AppStore|Mixed Platforms.ActiveCfg = Release|Any CPU
		{5F3FEDC2-3057-4CED-98D9-52FEFB86E1D2}.AppStore|Mixed Platforms.Build.0 = Release|Any CPU
		{5F3FEDC2-3057-4CED-98D9-52FEFB86E1D2}.AppStore|x86.ActiveCfg = Release|Any CPU
		{5F3FEDC2-3057-4CED-98D9-52FEFB86E1D2}.Debug|Any CPU.ActiveCfg = Debug|Any CPU
		{5F3FEDC2-3057-4CED-98D9-52FEFB86E1D2}.Debug|Any CPU.Build.0 = Debug|Any CPU
		{5F3FEDC2-3057-4CED-98D9-52FEFB86E1D2}.Debug|ARM.ActiveCfg = Debug|Any CPU
		{5F3FEDC2-3057-4CED-98D9-52FEFB86E1D2}.Debug|iPhone.ActiveCfg = Debug|Any CPU
		{5F3FEDC2-3057-4CED-98D9-52FEFB86E1D2}.Debug|iPhoneSimulator.ActiveCfg = Debug|Any CPU
		{5F3FEDC2-3057-4CED-98D9-52FEFB86E1D2}.Debug|Mixed Platforms.ActiveCfg = Debug|Any CPU
		{5F3FEDC2-3057-4CED-98D9-52FEFB86E1D2}.Debug|Mixed Platforms.Build.0 = Debug|Any CPU
		{5F3FEDC2-3057-4CED-98D9-52FEFB86E1D2}.Debug|x86.ActiveCfg = Debug|Any CPU
		{5F3FEDC2-3057-4CED-98D9-52FEFB86E1D2}.Release|Any CPU.ActiveCfg = Release|Any CPU
		{5F3FEDC2-3057-4CED-98D9-52FEFB86E1D2}.Release|Any CPU.Build.0 = Release|Any CPU
		{5F3FEDC2-3057-4CED-98D9-52FEFB86E1D2}.Release|ARM.ActiveCfg = Release|Any CPU
		{5F3FEDC2-3057-4CED-98D9-52FEFB86E1D2}.Release|iPhone.ActiveCfg = Release|Any CPU
		{5F3FEDC2-3057-4CED-98D9-52FEFB86E1D2}.Release|iPhoneSimulator.ActiveCfg = Release|Any CPU
		{5F3FEDC2-3057-4CED-98D9-52FEFB86E1D2}.Release|Mixed Platforms.ActiveCfg = Release|Any CPU
		{5F3FEDC2-3057-4CED-98D9-52FEFB86E1D2}.Release|Mixed Platforms.Build.0 = Release|Any CPU
		{5F3FEDC2-3057-4CED-98D9-52FEFB86E1D2}.Release|x86.ActiveCfg = Release|Any CPU
		{87235C0A-A28E-4462-B206-6F1349D13552}.Ad-Hoc|Any CPU.ActiveCfg = Release|Any CPU
		{87235C0A-A28E-4462-B206-6F1349D13552}.Ad-Hoc|Any CPU.Build.0 = Release|Any CPU
		{87235C0A-A28E-4462-B206-6F1349D13552}.Ad-Hoc|ARM.ActiveCfg = Debug|Any CPU
		{87235C0A-A28E-4462-B206-6F1349D13552}.Ad-Hoc|iPhone.ActiveCfg = Release|Any CPU
		{87235C0A-A28E-4462-B206-6F1349D13552}.Ad-Hoc|iPhoneSimulator.ActiveCfg = Release|Any CPU
		{87235C0A-A28E-4462-B206-6F1349D13552}.Ad-Hoc|Mixed Platforms.ActiveCfg = Release|Any CPU
		{87235C0A-A28E-4462-B206-6F1349D13552}.Ad-Hoc|Mixed Platforms.Build.0 = Release|Any CPU
		{87235C0A-A28E-4462-B206-6F1349D13552}.Ad-Hoc|x86.ActiveCfg = Debug|Any CPU
		{87235C0A-A28E-4462-B206-6F1349D13552}.AppStore|Any CPU.ActiveCfg = Release|Any CPU
		{87235C0A-A28E-4462-B206-6F1349D13552}.AppStore|Any CPU.Build.0 = Release|Any CPU
		{87235C0A-A28E-4462-B206-6F1349D13552}.AppStore|ARM.ActiveCfg = Debug|Any CPU
		{87235C0A-A28E-4462-B206-6F1349D13552}.AppStore|iPhone.ActiveCfg = Release|Any CPU
		{87235C0A-A28E-4462-B206-6F1349D13552}.AppStore|iPhoneSimulator.ActiveCfg = Release|Any CPU
		{87235C0A-A28E-4462-B206-6F1349D13552}.AppStore|Mixed Platforms.ActiveCfg = Release|Any CPU
		{87235C0A-A28E-4462-B206-6F1349D13552}.AppStore|Mixed Platforms.Build.0 = Release|Any CPU
		{87235C0A-A28E-4462-B206-6F1349D13552}.AppStore|x86.ActiveCfg = Debug|Any CPU
		{87235C0A-A28E-4462-B206-6F1349D13552}.Debug|Any CPU.ActiveCfg = Debug|Any CPU
		{87235C0A-A28E-4462-B206-6F1349D13552}.Debug|Any CPU.Build.0 = Debug|Any CPU
		{87235C0A-A28E-4462-B206-6F1349D13552}.Debug|ARM.ActiveCfg = Debug|Any CPU
		{87235C0A-A28E-4462-B206-6F1349D13552}.Debug|iPhone.ActiveCfg = Debug|Any CPU
		{87235C0A-A28E-4462-B206-6F1349D13552}.Debug|iPhoneSimulator.ActiveCfg = Debug|Any CPU
		{87235C0A-A28E-4462-B206-6F1349D13552}.Debug|Mixed Platforms.ActiveCfg = Debug|Any CPU
		{87235C0A-A28E-4462-B206-6F1349D13552}.Debug|Mixed Platforms.Build.0 = Debug|Any CPU
		{87235C0A-A28E-4462-B206-6F1349D13552}.Debug|x86.ActiveCfg = Debug|Any CPU
		{87235C0A-A28E-4462-B206-6F1349D13552}.Release|Any CPU.ActiveCfg = Release|Any CPU
		{87235C0A-A28E-4462-B206-6F1349D13552}.Release|Any CPU.Build.0 = Release|Any CPU
		{87235C0A-A28E-4462-B206-6F1349D13552}.Release|ARM.ActiveCfg = Release|Any CPU
		{87235C0A-A28E-4462-B206-6F1349D13552}.Release|iPhone.ActiveCfg = Release|Any CPU
		{87235C0A-A28E-4462-B206-6F1349D13552}.Release|iPhoneSimulator.ActiveCfg = Release|Any CPU
		{87235C0A-A28E-4462-B206-6F1349D13552}.Release|Mixed Platforms.ActiveCfg = Release|Any CPU
		{87235C0A-A28E-4462-B206-6F1349D13552}.Release|Mixed Platforms.Build.0 = Release|Any CPU
		{87235C0A-A28E-4462-B206-6F1349D13552}.Release|x86.ActiveCfg = Release|Any CPU
		{F27BA097-6539-480D-AE97-B3C4DBC671EF}.Ad-Hoc|Any CPU.ActiveCfg = Ad-Hoc|iPhone
		{F27BA097-6539-480D-AE97-B3C4DBC671EF}.Ad-Hoc|ARM.ActiveCfg = Ad-Hoc|iPhoneSimulator
		{F27BA097-6539-480D-AE97-B3C4DBC671EF}.Ad-Hoc|iPhone.ActiveCfg = Ad-Hoc|iPhone
		{F27BA097-6539-480D-AE97-B3C4DBC671EF}.Ad-Hoc|iPhone.Build.0 = Ad-Hoc|iPhone
		{F27BA097-6539-480D-AE97-B3C4DBC671EF}.Ad-Hoc|iPhoneSimulator.ActiveCfg = Ad-Hoc|iPhoneSimulator
		{F27BA097-6539-480D-AE97-B3C4DBC671EF}.Ad-Hoc|iPhoneSimulator.Build.0 = Ad-Hoc|iPhoneSimulator
		{F27BA097-6539-480D-AE97-B3C4DBC671EF}.Ad-Hoc|Mixed Platforms.ActiveCfg = Ad-Hoc|iPhone
		{F27BA097-6539-480D-AE97-B3C4DBC671EF}.Ad-Hoc|Mixed Platforms.Build.0 = Ad-Hoc|iPhone
		{F27BA097-6539-480D-AE97-B3C4DBC671EF}.Ad-Hoc|x86.ActiveCfg = Ad-Hoc|iPhoneSimulator
		{F27BA097-6539-480D-AE97-B3C4DBC671EF}.AppStore|Any CPU.ActiveCfg = AppStore|iPhone
		{F27BA097-6539-480D-AE97-B3C4DBC671EF}.AppStore|ARM.ActiveCfg = AppStore|iPhoneSimulator
		{F27BA097-6539-480D-AE97-B3C4DBC671EF}.AppStore|iPhone.ActiveCfg = AppStore|iPhone
		{F27BA097-6539-480D-AE97-B3C4DBC671EF}.AppStore|iPhone.Build.0 = AppStore|iPhone
		{F27BA097-6539-480D-AE97-B3C4DBC671EF}.AppStore|iPhoneSimulator.ActiveCfg = AppStore|iPhoneSimulator
		{F27BA097-6539-480D-AE97-B3C4DBC671EF}.AppStore|iPhoneSimulator.Build.0 = AppStore|iPhoneSimulator
		{F27BA097-6539-480D-AE97-B3C4DBC671EF}.AppStore|Mixed Platforms.ActiveCfg = AppStore|iPhone
		{F27BA097-6539-480D-AE97-B3C4DBC671EF}.AppStore|Mixed Platforms.Build.0 = AppStore|iPhone
		{F27BA097-6539-480D-AE97-B3C4DBC671EF}.AppStore|x86.ActiveCfg = AppStore|iPhoneSimulator
		{F27BA097-6539-480D-AE97-B3C4DBC671EF}.Debug|Any CPU.ActiveCfg = Debug|iPhone
		{F27BA097-6539-480D-AE97-B3C4DBC671EF}.Debug|ARM.ActiveCfg = Debug|iPhoneSimulator
		{F27BA097-6539-480D-AE97-B3C4DBC671EF}.Debug|iPhone.ActiveCfg = Debug|iPhone
		{F27BA097-6539-480D-AE97-B3C4DBC671EF}.Debug|iPhone.Build.0 = Debug|iPhone
		{F27BA097-6539-480D-AE97-B3C4DBC671EF}.Debug|iPhoneSimulator.ActiveCfg = Debug|iPhoneSimulator
		{F27BA097-6539-480D-AE97-B3C4DBC671EF}.Debug|iPhoneSimulator.Build.0 = Debug|iPhoneSimulator
		{F27BA097-6539-480D-AE97-B3C4DBC671EF}.Debug|Mixed Platforms.ActiveCfg = Debug|iPhone
		{F27BA097-6539-480D-AE97-B3C4DBC671EF}.Debug|Mixed Platforms.Build.0 = Debug|iPhone
		{F27BA097-6539-480D-AE97-B3C4DBC671EF}.Debug|x86.ActiveCfg = Debug|iPhoneSimulator
		{F27BA097-6539-480D-AE97-B3C4DBC671EF}.Release|Any CPU.ActiveCfg = Release|iPhone
		{F27BA097-6539-480D-AE97-B3C4DBC671EF}.Release|ARM.ActiveCfg = Release|iPhoneSimulator
		{F27BA097-6539-480D-AE97-B3C4DBC671EF}.Release|iPhone.ActiveCfg = Release|iPhone
		{F27BA097-6539-480D-AE97-B3C4DBC671EF}.Release|iPhone.Build.0 = Release|iPhone
		{F27BA097-6539-480D-AE97-B3C4DBC671EF}.Release|iPhoneSimulator.ActiveCfg = Release|iPhoneSimulator
		{F27BA097-6539-480D-AE97-B3C4DBC671EF}.Release|iPhoneSimulator.Build.0 = Release|iPhoneSimulator
		{F27BA097-6539-480D-AE97-B3C4DBC671EF}.Release|Mixed Platforms.ActiveCfg = Release|iPhone
		{F27BA097-6539-480D-AE97-B3C4DBC671EF}.Release|Mixed Platforms.Build.0 = Release|iPhone
		{F27BA097-6539-480D-AE97-B3C4DBC671EF}.Release|x86.ActiveCfg = Release|iPhoneSimulator
		{87235C0A-A28E-4462-B206-6F1349D13552}.Ad-Hoc|Any CPU.Deploy.0 = Release|Any CPU
		{87235C0A-A28E-4462-B206-6F1349D13552}.Ad-Hoc|Mixed Platforms.Deploy.0 = Release|Any CPU
		{87235C0A-A28E-4462-B206-6F1349D13552}.AppStore|Any CPU.Deploy.0 = Release|Any CPU
		{87235C0A-A28E-4462-B206-6F1349D13552}.AppStore|Mixed Platforms.Deploy.0 = Release|Any CPU
		{87235C0A-A28E-4462-B206-6F1349D13552}.Debug|Any CPU.Deploy.0 = Debug|Any CPU
		{87235C0A-A28E-4462-B206-6F1349D13552}.Debug|Mixed Platforms.Deploy.0 = Debug|Any CPU
		{87235C0A-A28E-4462-B206-6F1349D13552}.Release|Any CPU.Deploy.0 = Release|Any CPU
		{87235C0A-A28E-4462-B206-6F1349D13552}.Release|Mixed Platforms.Deploy.0 = Release|Any CPU
		{109B97B4-1540-4541-B3F8-868859464AAA}.Ad-Hoc|Any CPU.Deploy.0 = Release|Any CPU
		{109B97B4-1540-4541-B3F8-868859464AAA}.Ad-Hoc|ARM.Deploy.0 = Release|ARM
		{109B97B4-1540-4541-B3F8-868859464AAA}.Ad-Hoc|Mixed Platforms.Deploy.0 = Release|x86
		{109B97B4-1540-4541-B3F8-868859464AAA}.Ad-Hoc|x86.Deploy.0 = Release|x86
		{109B97B4-1540-4541-B3F8-868859464AAA}.AppStore|Any CPU.Deploy.0 = Release|Any CPU
		{109B97B4-1540-4541-B3F8-868859464AAA}.AppStore|ARM.Deploy.0 = Release|ARM
		{109B97B4-1540-4541-B3F8-868859464AAA}.AppStore|Mixed Platforms.Deploy.0 = Release|x86
		{109B97B4-1540-4541-B3F8-868859464AAA}.AppStore|x86.Deploy.0 = Release|x86
		{109B97B4-1540-4541-B3F8-868859464AAA}.Debug|Any CPU.Deploy.0 = Debug|Any CPU
		{109B97B4-1540-4541-B3F8-868859464AAA}.Debug|ARM.Deploy.0 = Debug|ARM
		{109B97B4-1540-4541-B3F8-868859464AAA}.Debug|Mixed Platforms.Deploy.0 = Debug|x86
		{109B97B4-1540-4541-B3F8-868859464AAA}.Debug|x86.Deploy.0 = Debug|x86
		{109B97B4-1540-4541-B3F8-868859464AAA}.Release|Any CPU.Deploy.0 = Release|Any CPU
		{109B97B4-1540-4541-B3F8-868859464AAA}.Release|ARM.Deploy.0 = Release|ARM
		{109B97B4-1540-4541-B3F8-868859464AAA}.Release|Mixed Platforms.Deploy.0 = Release|x86
		{109B97B4-1540-4541-B3F8-868859464AAA}.Release|x86.Deploy.0 = Release|x86
	EndGlobalSection
	GlobalSection(MonoDevelopProperties) = preSolution
		StartupItem = Test.iOS\Test.iOS.csproj
	EndGlobalSection
	GlobalSection(SolutionProperties) = preSolution
		HideSolutionNode = FALSE
	EndGlobalSection
EndGlobal
